
Microsoft Visual Studio Solution File, Format Version 12.00
Project("{FAE04EC0-301F-11D3-BF4B-00C04F79EFBC}") = "CinephileVault", "CinephileVault\CinephileVault.csproj", "{D79974EE-A867-4AE2-A697-D48748567007}"
EndProject
Global
	GlobalSection(SolutionConfigurationPlatforms) = preSolution
		Debug|Any CPU = Debug|Any CPU
		Release|Any CPU = Release|Any CPU
	EndGlobalSection
	GlobalSection(ProjectConfigurationPlatforms) = postSolution
		{D79974EE-A867-4AE2-A697-D48748567007}.Debug|Any CPU.ActiveCfg = Debug|Any CPU
		{D79974EE-A867-4AE2-A697-D48748567007}.Debug|Any CPU.Build.0 = Debug|Any CPU
		{D79974EE-A867-4AE2-A697-D48748567007}.Release|Any CPU.ActiveCfg = Release|Any CPU
		{D79974EE-A867-4AE2-A697-D48748567007}.Release|Any CPU.Build.0 = Release|Any CPU
	EndGlobalSection
EndGlobal
